
Microsoft Visual Studio Solution File, Format Version 12.00
# Visual Studio Version 17
VisualStudioVersion = 17.2.32519.379
MinimumVisualStudioVersion = 10.0.40219.1
Project("{FAE04EC0-301F-11D3-BF4B-00C04F79EFBC}") = "pryGrafeuilleIEFI", "pryGrafeuilleIEFI.csproj", "{B93C4EEC-1D2B-4645-BD08-AA33E45318BC}"
EndProject
Global
	GlobalSection(SolutionConfigurationPlatforms) = preSolution
		Debug|Any CPU = Debug|Any CPU
		Release|Any CPU = Release|Any CPU
	EndGlobalSection
	GlobalSection(ProjectConfigurationPlatforms) = postSolution
		{B93C4EEC-1D2B-4645-BD08-AA33E45318BC}.Debug|Any CPU.ActiveCfg = Debug|Any CPU
		{B93C4EEC-1D2B-4645-BD08-AA33E45318BC}.Debug|Any CPU.Build.0 = Debug|Any CPU
		{B93C4EEC-1D2B-4645-BD08-AA33E45318BC}.Release|Any CPU.ActiveCfg = Release|Any CPU
		{B93C4EEC-1D2B-4645-BD08-AA33E45318BC}.Release|Any CPU.Build.0 = Release|Any CPU
	EndGlobalSection
	GlobalSection(SolutionProperties) = preSolution
		HideSolutionNode = FALSE
	EndGlobalSection
	GlobalSection(ExtensibilityGlobals) = postSolution
		SolutionGuid = {22AC6EFC-C154-4606-958A-AF2D4520F4AE}
	EndGlobalSection
EndGlobal
